// !$*UTF8*$!
{
	archiveVersion = 1;
	classes = {
	};
	objectVersion = 50;
	objects = {

/* Begin PBXBuildFile section */
		2B0EA9E02122DE5200CD269A /* onboardingViewController.swift in Sources */ = {isa = PBXBuildFile; fileRef = 2B0EA9DF2122DE5200CD269A /* onboardingViewController.swift */; };
		88C322F02122AC590030DADE /* AppDelegate.swift in Sources */ = {isa = PBXBuildFile; fileRef = 88C322EF2122AC590030DADE /* AppDelegate.swift */; };
		88C322F22122AC590030DADE /* ViewController.swift in Sources */ = {isa = PBXBuildFile; fileRef = 88C322F12122AC590030DADE /* ViewController.swift */; };
		88C322F52122AC5A0030DADE /* Main.storyboard in Resources */ = {isa = PBXBuildFile; fileRef = 88C322F32122AC5A0030DADE /* Main.storyboard */; };
		88C322F82122AC5A0030DADE /* ruangMC3.xcdatamodeld in Sources */ = {isa = PBXBuildFile; fileRef = 88C322F62122AC5A0030DADE /* ruangMC3.xcdatamodeld */; };
		88C322FA2122AC5B0030DADE /* Assets.xcassets in Resources */ = {isa = PBXBuildFile; fileRef = 88C322F92122AC5B0030DADE /* Assets.xcassets */; };
		88C322FD2122AC5B0030DADE /* LaunchScreen.storyboard in Resources */ = {isa = PBXBuildFile; fileRef = 88C322FB2122AC5B0030DADE /* LaunchScreen.storyboard */; };
/* End PBXBuildFile section */

/* Begin PBXFileReference section */
		2B0EA9DF2122DE5200CD269A /* onboardingViewController.swift */ = {isa = PBXFileReference; lastKnownFileType = sourcecode.swift; path = onboardingViewController.swift; sourceTree = "<group>"; };
		88C322EC2122AC590030DADE /* ruangMC3.app */ = {isa = PBXFileReference; explicitFileType = wrapper.application; includeInIndex = 0; path = ruangMC3.app; sourceTree = BUILT_PRODUCTS_DIR; };
		88C322EF2122AC590030DADE /* AppDelegate.swift */ = {isa = PBXFileReference; lastKnownFileType = sourcecode.swift; path = AppDelegate.swift; sourceTree = "<group>"; };
		88C322F12122AC590030DADE /* ViewController.swift */ = {isa = PBXFileReference; lastKnownFileType = sourcecode.swift; path = ViewController.swift; sourceTree = "<group>"; };
		88C322F42122AC5A0030DADE /* Base */ = {isa = PBXFileReference; lastKnownFileType = file.storyboard; name = Base; path = Base.lproj/Main.storyboard; sourceTree = "<group>"; };
		88C322F72122AC5A0030DADE /* ruangMC3.xcdatamodel */ = {isa = PBXFileReference; lastKnownFileType = wrapper.xcdatamodel; path = ruangMC3.xcdatamodel; sourceTree = "<group>"; };
		88C322F92122AC5B0030DADE /* Assets.xcassets */ = {isa = PBXFileReference; lastKnownFileType = folder.assetcatalog; path = Assets.xcassets; sourceTree = "<group>"; };
		88C322FC2122AC5B0030DADE /* Base */ = {isa = PBXFileReference; lastKnownFileType = file.storyboard; name = Base; path = Base.lproj/LaunchScreen.storyboard; sourceTree = "<group>"; };
		88C322FE2122AC5B0030DADE /* Info.plist */ = {isa = PBXFileReference; lastKnownFileType = text.plist.xml; path = Info.plist; sourceTree = "<group>"; };
/* End PBXFileReference section */

/* Begin PBXFrameworksBuildPhase section */
		88C322E92122AC590030DADE /* Frameworks */ = {
			isa = PBXFrameworksBuildPhase;
			buildActionMask = 2147483647;
			files = (
			);
			runOnlyForDeploymentPostprocessing = 0;
		};
/* End PBXFrameworksBuildPhase section */

/* Begin PBXGroup section */
		88C322E32122AC590030DADE = {
			isa = PBXGroup;
			children = (
				88C322EE2122AC590030DADE /* ruangMC3 */,
				88C322ED2122AC590030DADE /* Products */,
			);
			sourceTree = "<group>";
		};
		88C322ED2122AC590030DADE /* Products */ = {
			isa = PBXGroup;
			children = (
				88C322EC2122AC590030DADE /* ruangMC3.app */,
			);
			name = Products;
			sourceTree = "<group>";
		};
		88C322EE2122AC590030DADE /* ruangMC3 */ = {
			isa = PBXGroup;
			children = (
				88C322EF2122AC590030DADE /* AppDelegate.swift */,
				88C322F12122AC590030DADE /* ViewController.swift */,
				2B0EA9DF2122DE5200CD269A /* onboardingViewController.swift */,
				88C322F32122AC5A0030DADE /* Main.storyboard */,
				88C322F92122AC5B0030DADE /* Assets.xcassets */,
				88C322FB2122AC5B0030DADE /* LaunchScreen.storyboard */,
				88C322FE2122AC5B0030DADE /* Info.plist */,
				88C322F62122AC5A0030DADE /* ruangMC3.xcdatamodeld */,
			);
			path = ruangMC3;
			sourceTree = "<group>";
		};
/* End PBXGroup section */

/* Begin PBXNativeTarget section */
		88C322EB2122AC590030DADE /* ruangMC3 */ = {
			isa = PBXNativeTarget;
			buildConfigurationList = 88C323012122AC5B0030DADE /* Build configuration list for PBXNativeTarget "ruangMC3" */;
			buildPhases = (
				88C322E82122AC590030DADE /* Sources */,
				88C322E92122AC590030DADE /* Frameworks */,
				88C322EA2122AC590030DADE /* Resources */,
			);
			buildRules = (
			);
			dependencies = (
			);
			name = ruangMC3;
			productName = ruangMC3;
			productReference = 88C322EC2122AC590030DADE /* ruangMC3.app */;
			productType = "com.apple.product-type.application";
		};
/* End PBXNativeTarget section */

/* Begin PBXProject section */
		88C322E42122AC590030DADE /* Project object */ = {
			isa = PBXProject;
			attributes = {
				LastSwiftUpdateCheck = 0940;
				LastUpgradeCheck = 0940;
				ORGANIZATIONNAME = yanti;
				TargetAttributes = {
					88C322EB2122AC590030DADE = {
						CreatedOnToolsVersion = 9.4.1;
					};
				};
			};
			buildConfigurationList = 88C322E72122AC590030DADE /* Build configuration list for PBXProject "ruangMC3" */;
			compatibilityVersion = "Xcode 9.3";
			developmentRegion = en;
			hasScannedForEncodings = 0;
			knownRegions = (
				en,
				Base,
			);
			mainGroup = 88C322E32122AC590030DADE;
			productRefGroup = 88C322ED2122AC590030DADE /* Products */;
			projectDirPath = "";
			projectRoot = "";
			targets = (
				88C322EB2122AC590030DADE /* ruangMC3 */,
			);
		};
/* End PBXProject section */

/* Begin PBXResourcesBuildPhase section */
		88C322EA2122AC590030DADE /* Resources */ = {
			isa = PBXResourcesBuildPhase;
			buildActionMask = 2147483647;
			files = (
				88C322FD2122AC5B0030DADE /* LaunchScreen.storyboard in Resources */,
				88C322FA2122AC5B0030DADE /* Assets.xcassets in Resources */,
				88C322F52122AC5A0030DADE /* Main.storyboard in Resources */,
			);
			runOnlyForDeploymentPostprocessing = 0;
		};
/* End PBXResourcesBuildPhase section */

/* Begin PBXSourcesBuildPhase section */
		88C322E82122AC590030DADE /* Sources */ = {
			isa = PBXSourcesBuildPhase;
			buildActionMask = 2147483647;
			files = (
				88C322F22122AC590030DADE /* ViewController.swift in Sources */,
				88C322F02122AC590030DADE /* AppDelegate.swift in Sources */,
				88C322F82122AC5A0030DADE /* ruangMC3.xcdatamodeld in Sources */,
				2B0EA9E02122DE5200CD269A /* onboardingViewController.swift in Sources */,
			);
			runOnlyForDeploymentPostprocessing = 0;
		};
/* End PBXSourcesBuildPhase section */

/* Begin PBXVariantGroup section */
		88C322F32122AC5A0030DADE /* Main.storyboard */ = {
			isa = PBXVariantGroup;
			children = (
				88C322F42122AC5A0030DADE /* Base */,
			);
			name = Main.storyboard;
			sourceTree = "<group>";
		};
		88C322FB2122AC5B0030DADE /* LaunchScreen.storyboard */ = {
			isa = PBXVariantGroup;
			children = (
				88C322FC2122AC5B0030DADE /* Base */,
			);
			name = LaunchScreen.storyboard;
			sourceTree = "<group>";
		};
/* End PBXVariantGroup section */

/* Begin XCBuildConfiguration section */
		88C322FF2122AC5B0030DADE /* Debug */ = {
			isa = XCBuildConfiguration;
			buildSettings = {
				ALWAYS_SEARCH_USER_PATHS = NO;
				CLANG_ANALYZER_NONNULL = YES;
				CLANG_ANALYZER_NUMBER_OBJECT_CONVERSION = YES_AGGRESSIVE;
				CLANG_CXX_LANGUAGE_STANDARD = "gnu++14";
				CLANG_CXX_LIBRARY = "libc++";
				CLANG_ENABLE_MODULES = YES;
				CLANG_ENABLE_OBJC_ARC = YES;
				CLANG_ENABLE_OBJC_WEAK = YES;
				CLANG_WARN_BLOCK_CAPTURE_AUTORELEASING = YES;
				CLANG_WARN_BOOL_CONVERSION = YES;
				CLANG_WARN_COMMA = YES;
				CLANG_WARN_CONSTANT_CONVERSION = YES;
				CLANG_WARN_DEPRECATED_OBJC_IMPLEMENTATIONS = YES;
				CLANG_WARN_DIRECT_OBJC_ISA_USAGE = YES_ERROR;
				CLANG_WARN_DOCUMENTATION_COMMENTS = YES;
				CLANG_WARN_EMPTY_BODY = YES;
				CLANG_WARN_ENUM_CONVERSION = YES;
				CLANG_WARN_INFINITE_RECURSION = YES;
				CLANG_WARN_INT_CONVERSION = YES;
				CLANG_WARN_NON_LITERAL_NULL_CONVERSION = YES;
				CLANG_WARN_OBJC_IMPLICIT_RETAIN_SELF = YES;
				CLANG_WARN_OBJC_LITERAL_CONVERSION = YES;
				CLANG_WARN_OBJC_ROOT_CLASS = YES_ERROR;
				CLANG_WARN_RANGE_LOOP_ANALYSIS = YES;
				CLANG_WARN_STRICT_PROTOTYPES = YES;
				CLANG_WARN_SUSPICIOUS_MOVE = YES;
				CLANG_WARN_UNGUARDED_AVAILABILITY = YES_AGGRESSIVE;
				CLANG_WARN_UNREACHABLE_CODE = YES;
				CLANG_WARN__DUPLICATE_METHOD_MATCH = YES;
				CODE_SIGN_IDENTITY = "iPhone Developer";
				COPY_PHASE_STRIP = NO;
				DEBUG_INFORMATION_FORMAT = dwarf;
				ENABLE_STRICT_OBJC_MSGSEND = YES;
				ENABLE_TESTABILITY = YES;
				GCC_C_LANGUAGE_STANDARD = gnu11;
				GCC_DYNAMIC_NO_PIC = NO;
				GCC_NO_COMMON_BLOCKS = YES;
				GCC_OPTIMIZATION_LEVEL = 0;
				GCC_PREPROCESSOR_DEFINITIONS = (
					"DEBUG=1",
					"$(inherited)",
				);
				GCC_WARN_64_TO_32_BIT_CONVERSION = YES;
				GCC_WARN_ABOUT_RETURN_TYPE = YES_ERROR;
				GCC_WARN_UNDECLARED_SELECTOR = YES;
				GCC_WARN_UNINITIALIZED_AUTOS = YES_AGGRESSIVE;
				GCC_WARN_UNUSED_FUNCTION = YES;
				GCC_WARN_UNUSED_VARIABLE = YES;
				IPHONEOS_DEPLOYMENT_TARGET = 11.4;
				MTL_ENABLE_DEBUG_INFO = YES;
				ONLY_ACTIVE_ARCH = YES;
				SDKROOT = iphoneos;
				SWIFT_ACTIVE_COMPILATION_CONDITIONS = DEBUG;
				SWIFT_OPTIMIZATION_LEVEL = "-Onone";
			};
			name = Debug;
		};
		88C323002122AC5B0030DADE /* Release */ = {
			isa = XCBuildConfiguration;
			buildSettings = {
				ALWAYS_SEARCH_USER_PATHS = NO;
				CLANG_ANALYZER_NONNULL = YES;
				CLANG_ANALYZER_NUMBER_OBJECT_CONVERSION = YES_AGGRESSIVE;
				CLANG_CXX_LANGUAGE_STANDARD = "gnu++14";
				CLANG_CXX_LIBRARY = "libc++";
				CLANG_ENABLE_MODULES = YES;
				CLANG_ENABLE_OBJC_ARC = YES;
				CLANG_ENABLE_OBJC_WEAK = YES;
				CLANG_WARN_BLOCK_CAPTURE_AUTORELEASING = YES;
				CLANG_WARN_BOOL_CONVERSION = YES;
				CLANG_WARN_COMMA = YES;
				CLANG_WARN_CONSTANT_CONVERSION = YES;
				CLANG_WARN_DEPRECATED_OBJC_IMPLEMENTATIONS = YES;
				CLANG_WARN_DIRECT_OBJC_ISA_USAGE = YES_ERROR;
				CLANG_WARN_DOCUMENTATION_COMMENTS = YES;
				CLANG_WARN_EMPTY_BODY = YES;
				CLANG_WARN_ENUM_CONVERSION = YES;
				CLANG_WARN_INFINITE_RECURSION = YES;
				CLANG_WARN_INT_CONVERSION = YES;
				CLANG_WARN_NON_LITERAL_NULL_CONVERSION = YES;
				CLANG_WARN_OBJC_IMPLICIT_RETAIN_SELF = YES;
				CLANG_WARN_OBJC_LITERAL_CONVERSION = YES;
				CLANG_WARN_OBJC_ROOT_CLASS = YES_ERROR;
				CLANG_WARN_RANGE_LOOP_ANALYSIS = YES;
				CLANG_WARN_STRICT_PROTOTYPES = YES;
				CLANG_WARN_SUSPICIOUS_MOVE = YES;
				CLANG_WARN_UNGUARDED_AVAILABILITY = YES_AGGRESSIVE;
				CLANG_WARN_UNREACHABLE_CODE = YES;
				CLANG_WARN__DUPLICATE_METHOD_MATCH = YES;
				CODE_SIGN_IDENTITY = "iPhone Developer";
				COPY_PHASE_STRIP = NO;
				DEBUG_INFORMATION_FORMAT = "dwarf-with-dsym";
				ENABLE_NS_ASSERTIONS = NO;
				ENABLE_STRICT_OBJC_MSGSEND = YES;
				GCC_C_LANGUAGE_STANDARD = gnu11;
				GCC_NO_COMMON_BLOCKS = YES;
				GCC_WARN_64_TO_32_BIT_CONVERSION = YES;
				GCC_WARN_ABOUT_RETURN_TYPE = YES_ERROR;
				GCC_WARN_UNDECLARED_SELECTOR = YES;
				GCC_WARN_UNINITIALIZED_AUTOS = YES_AGGRESSIVE;
				GCC_WARN_UNUSED_FUNCTION = YES;
				GCC_WARN_UNUSED_VARIABLE = YES;
				IPHONEOS_DEPLOYMENT_TARGET = 11.4;
				MTL_ENABLE_DEBUG_INFO = NO;
				SDKROOT = iphoneos;
				SWIFT_COMPILATION_MODE = wholemodule;
				SWIFT_OPTIMIZATION_LEVEL = "-O";
				VALIDATE_PRODUCT = YES;
			};
			name = Release;
		};
		88C323022122AC5B0030DADE /* Debug */ = {
			isa = XCBuildConfiguration;
			buildSettings = {
				ASSETCATALOG_COMPILER_APPICON_NAME = AppIcon;
				CODE_SIGN_STYLE = Automatic;
				INFOPLIST_FILE = ruangMC3/Info.plist;
				IPHONEOS_DEPLOYMENT_TARGET = 11.3;
				LD_RUNPATH_SEARCH_PATHS = (
					"$(inherited)",
					"@executable_path/Frameworks",
				);
				PRODUCT_BUNDLE_IDENTIFIER = dwi.yanti.ruangMC3;
				PRODUCT_NAME = "$(TARGET_NAME)";
				SWIFT_VERSION = 4.0;
				TARGETED_DEVICE_FAMILY = "1,2";
			};
			name = Debug;
		};
		88C323032122AC5B0030DADE /* Release */ = {
			isa = XCBuildConfiguration;
			buildSettings = {
				ASSETCATALOG_COMPILER_APPICON_NAME = AppIcon;
				CODE_SIGN_STYLE = Automatic;
				INFOPLIST_FILE = ruangMC3/Info.plist;
				IPHONEOS_DEPLOYMENT_TARGET = 11.3;
				LD_RUNPATH_SEARCH_PATHS = (
					"$(inherited)",
					"@executable_path/Frameworks",
				);
				PRODUCT_BUNDLE_IDENTIFIER = dwi.yanti.ruangMC3;
				PRODUCT_NAME = "$(TARGET_NAME)";
				SWIFT_VERSION = 4.0;
				TARGETED_DEVICE_FAMILY = "1,2";
			};
			name = Release;
		};
/* End XCBuildConfiguration section */

/* Begin XCConfigurationList section */
		88C322E72122AC590030DADE /* Build configuration list for PBXProject "ruangMC3" */ = {
			isa = XCConfigurationList;
			buildConfigurations = (
				88C322FF2122AC5B0030DADE /* Debug */,
				88C323002122AC5B0030DADE /* Release */,
			);
			defaultConfigurationIsVisible = 0;
			defaultConfigurationName = Release;
		};
		88C323012122AC5B0030DADE /* Build configuration list for PBXNativeTarget "ruangMC3" */ = {
			isa = XCConfigurationList;
			buildConfigurations = (
				88C323022122AC5B0030DADE /* Debug */,
				88C323032122AC5B0030DADE /* Release */,
			);
			defaultConfigurationIsVisible = 0;
			defaultConfigurationName = Release;
		};
/* End XCConfigurationList section */

/* Begin XCVersionGroup section */
		88C322F62122AC5A0030DADE /* ruangMC3.xcdatamodeld */ = {
			isa = XCVersionGroup;
			children = (
				88C322F72122AC5A0030DADE /* ruangMC3.xcdatamodel */,
			);
			currentVersion = 88C322F72122AC5A0030DADE /* ruangMC3.xcdatamodel */;
			path = ruangMC3.xcdatamodeld;
			sourceTree = "<group>";
			versionGroupType = wrapper.xcdatamodel;
		};
/* End XCVersionGroup section */
	};
	rootObject = 88C322E42122AC590030DADE /* Project object */;
}
